
Microsoft Visual Studio Solution File, Format Version 12.00
# Visual Studio Version 17
VisualStudioVersion = 17.0.31903.59
MinimumVisualStudioVersion = 10.0.40219.1
Project("{2150E333-8FDC-42A3-9474-1A3956D46DE8}") = "src", "src", "{827E0CD3-B72D-47B6-A68D-7590B98EB39B}"
EndProject
Project("{FAE04EC0-301F-11D3-BF4B-00C04F79EFBC}") = "NFSeNacionalSdk.Core", "src\NFSeNacionalSdk.Core\NFSeNacionalSdk.Core.csproj", "{07F194A9-AB47-46F2-973C-8EC825022B75}"
EndProject
Project("{FAE04EC0-301F-11D3-BF4B-00C04F79EFBC}") = "NFSeNacionalSdk.Contracts", "src\NFSeNacionalSdk.Contracts\NFSeNacionalSdk.Contracts.csproj", "{F5B21AB2-68B7-4303-AD78-41962BD07109}"
EndProject
Project("{FAE04EC0-301F-11D3-BF4B-00C04F79EFBC}") = "NFSeNacionalSdk.Serialization.Xml", "src\NFSeNacionalSdk.Serialization.Xml\NFSeNacionalSdk.Serialization.Xml.csproj", "{669BF937-1A87-448A-A9A1-E6360D5A8DF0}"
EndProject
Project("{FAE04EC0-301F-11D3-BF4B-00C04F79EFBC}") = "NFSeNacionalSdk.Transport.Http", "src\NFSeNacionalSdk.Transport.Http\NFSeNacionalSdk.Transport.Http.csproj", "{2BA34E24-DD50-4B3B-A74D-C5451B493310}"
EndProject
Project("{FAE04EC0-301F-11D3-BF4B-00C04F79EFBC}") = "NFSeNacionalSdk", "src\NFSeNacionalSdk\NFSeNacionalSdk.csproj", "{E36AD9AC-0E16-4533-A4FF-A73D994E5575}"
EndProject
Project("{2150E333-8FDC-42A3-9474-1A3956D46DE8}") = "tests", "tests", "{0AB3BF05-4346-4AA6-1389-037BE0695223}"
EndProject
Project("{FAE04EC0-301F-11D3-BF4B-00C04F79EFBC}") = "NFSeNacionalSdk.Tests", "tests\NFSeNacionalSdk.Tests\NFSeNacionalSdk.Tests.csproj", "{4D8017BD-02AB-494F-9B97-159E2F613708}"
EndProject
Project("{2150E333-8FDC-42A3-9474-1A3956D46DE8}") = "samples", "samples", "{5D20AA90-6969-D8BD-9DCD-8634F4692FDA}"
EndProject
Project("{FAE04EC0-301F-11D3-BF4B-00C04F79EFBC}") = "NFSeNacionalSdk.Samples.Console", "samples\NFSeNacionalSdk.Samples.Console\NFSeNacionalSdk.Samples.Console.csproj", "{CDA183B5-CD24-4E59-8B06-931A14C36677}"
EndProject
Global
	GlobalSection(SolutionConfigurationPlatforms) = preSolution
		Debug|Any CPU = Debug|Any CPU
		Debug|x64 = Debug|x64
		Debug|x86 = Debug|x86
		Release|Any CPU = Release|Any CPU
		Release|x64 = Release|x64
		Release|x86 = Release|x86
	EndGlobalSection
	GlobalSection(ProjectConfigurationPlatforms) = postSolution
		{07F194A9-AB47-46F2-973C-8EC825022B75}.Debug|Any CPU.ActiveCfg = Debug|Any CPU
		{07F194A9-AB47-46F2-973C-8EC825022B75}.Debug|Any CPU.Build.0 = Debug|Any CPU
		{07F194A9-AB47-46F2-973C-8EC825022B75}.Debug|x64.ActiveCfg = Debug|Any CPU
		{07F194A9-AB47-46F2-973C-8EC825022B75}.Debug|x64.Build.0 = Debug|Any CPU
		{07F194A9-AB47-46F2-973C-8EC825022B75}.Debug|x86.ActiveCfg = Debug|Any CPU
		{07F194A9-AB47-46F2-973C-8EC825022B75}.Debug|x86.Build.0 = Debug|Any CPU
		{07F194A9-AB47-46F2-973C-8EC825022B75}.Release|Any CPU.ActiveCfg = Release|Any CPU
		{07F194A9-AB47-46F2-973C-8EC825022B75}.Release|Any CPU.Build.0 = Release|Any CPU
		{07F194A9-AB47-46F2-973C-8EC825022B75}.Release|x64.ActiveCfg = Release|Any CPU
		{07F194A9-AB47-46F2-973C-8EC825022B75}.Release|x64.Build.0 = Release|Any CPU
		{07F194A9-AB47-46F2-973C-8EC825022B75}.Release|x86.ActiveCfg = Release|Any CPU
		{07F194A9-AB47-46F2-973C-8EC825022B75}.Release|x86.Build.0 = Release|Any CPU
		{F5B21AB2-68B7-4303-AD78-41962BD07109}.Debug|Any CPU.ActiveCfg = Debug|Any CPU
		{F5B21AB2-68B7-4303-AD78-41962BD07109}.Debug|Any CPU.Build.0 = Debug|Any CPU
		{F5B21AB2-68B7-4303-AD78-41962BD07109}.Debug|x64.ActiveCfg = Debug|Any CPU
		{F5B21AB2-68B7-4303-AD78-41962BD07109}.Debug|x64.Build.0 = Debug|Any CPU
		{F5B21AB2-68B7-4303-AD78-41962BD07109}.Debug|x86.ActiveCfg = Debug|Any CPU
		{F5B21AB2-68B7-4303-AD78-41962BD07109}.Debug|x86.Build.0 = Debug|Any CPU
		{F5B21AB2-68B7-4303-AD78-41962BD07109}.Release|Any CPU.ActiveCfg = Release|Any CPU
		{F5B21AB2-68B7-4303-AD78-41962BD07109}.Release|Any CPU.Build.0 = Release|Any CPU
		{F5B21AB2-68B7-4303-AD78-41962BD07109}.Release|x64.ActiveCfg = Release|Any CPU
		{F5B21AB2-68B7-4303-AD78-41962BD07109}.Release|x64.Build.0 = Release|Any CPU
		{F5B21AB2-68B7-4303-AD78-41962BD07109}.Release|x86.ActiveCfg = Release|Any CPU
		{F5B21AB2-68B7-4303-AD78-41962BD07109}.Release|x86.Build.0 = Release|Any CPU
		{669BF937-1A87-448A-A9A1-E6360D5A8DF0}.Debug|Any CPU.ActiveCfg = Debug|Any CPU
		{669BF937-1A87-448A-A9A1-E6360D5A8DF0}.Debug|Any CPU.Build.0 = Debug|Any CPU
		{669BF937-1A87-448A-A9A1-E6360D5A8DF0}.Debug|x64.ActiveCfg = Debug|Any CPU
		{669BF937-1A87-448A-A9A1-E6360D5A8DF0}.Debug|x64.Build.0 = Debug|Any CPU
		{669BF937-1A87-448A-A9A1-E6360D5A8DF0}.Debug|x86.ActiveCfg = Debug|Any CPU
		{669BF937-1A87-448A-A9A1-E6360D5A8DF0}.Debug|x86.Build.0 = Debug|Any CPU
		{669BF937-1A87-448A-A9A1-E6360D5A8DF0}.Release|Any CPU.ActiveCfg = Release|Any CPU
		{669BF937-1A87-448A-A9A1-E6360D5A8DF0}.Release|Any CPU.Build.0 = Release|Any CPU
		{669BF937-1A87-448A-A9A1-E6360D5A8DF0}.Release|x64.ActiveCfg = Release|Any CPU
		{669BF937-1A87-448A-A9A1-E6360D5A8DF0}.Release|x64.Build.0 = Release|Any CPU
		{669BF937-1A87-448A-A9A1-E6360D5A8DF0}.Release|x86.ActiveCfg = Release|Any CPU
		{669BF937-1A87-448A-A9A1-E6360D5A8DF0}.Release|x86.Build.0 = Release|Any CPU
		{2BA34E24-DD50-4B3B-A74D-C5451B493310}.Debug|Any CPU.ActiveCfg = Debug|Any CPU
		{2BA34E24-DD50-4B3B-A74D-C5451B493310}.Debug|Any CPU.Build.0 = Debug|Any CPU
		{2BA34E24-DD50-4B3B-A74D-C5451B493310}.Debug|x64.ActiveCfg = Debug|Any CPU
		{2BA34E24-DD50-4B3B-A74D-C5451B493310}.Debug|x64.Build.0 = Debug|Any CPU
		{2BA34E24-DD50-4B3B-A74D-C5451B493310}.Debug|x86.ActiveCfg = Debug|Any CPU
		{2BA34E24-DD50-4B3B-A74D-C5451B493310}.Debug|x86.Build.0 = Debug|Any CPU
		{2BA34E24-DD50-4B3B-A74D-C5451B493310}.Release|Any CPU.ActiveCfg = Release|Any CPU
		{2BA34E24-DD50-4B3B-A74D-C5451B493310}.Release|Any CPU.Build.0 = Release|Any CPU
		{2BA34E24-DD50-4B3B-A74D-C5451B493310}.Release|x64.ActiveCfg = Release|Any CPU
		{2BA34E24-DD50-4B3B-A74D-C5451B493310}.Release|x64.Build.0 = Release|Any CPU
		{2BA34E24-DD50-4B3B-A74D-C5451B493310}.Release|x86.ActiveCfg = Release|Any CPU
		{2BA34E24-DD50-4B3B-A74D-C5451B493310}.Release|x86.Build.0 = Release|Any CPU
		{E36AD9AC-0E16-4533-A4FF-A73D994E5575}.Debug|Any CPU.ActiveCfg = Debug|Any CPU
		{E36AD9AC-0E16-4533-A4FF-A73D994E5575}.Debug|Any CPU.Build.0 = Debug|Any CPU
		{E36AD9AC-0E16-4533-A4FF-A73D994E5575}.Debug|x64.ActiveCfg = Debug|Any CPU
		{E36AD9AC-0E16-4533-A4FF-A73D994E5575}.Debug|x64.Build.0 = Debug|Any CPU
		{E36AD9AC-0E16-4533-A4FF-A73D994E5575}.Debug|x86.ActiveCfg = Debug|Any CPU
		{E36AD9AC-0E16-4533-A4FF-A73D994E5575}.Debug|x86.Build.0 = Debug|Any CPU
		{E36AD9AC-0E16-4533-A4FF-A73D994E5575}.Release|Any CPU.ActiveCfg = Release|Any CPU
		{E36AD9AC-0E16-4533-A4FF-A73D994E5575}.Release|Any CPU.Build.0 = Release|Any CPU
		{E36AD9AC-0E16-4533-A4FF-A73D994E5575}.Release|x64.ActiveCfg = Release|Any CPU
		{E36AD9AC-0E16-4533-A4FF-A73D994E5575}.Release|x64.Build.0 = Release|Any CPU
		{E36AD9AC-0E16-4533-A4FF-A73D994E5575}.Release|x86.ActiveCfg = Release|Any CPU
		{E36AD9AC-0E16-4533-A4FF-A73D994E5575}.Release|x86.Build.0 = Release|Any CPU
		{4D8017BD-02AB-494F-9B97-159E2F613708}.Debug|Any CPU.ActiveCfg = Debug|Any CPU
		{4D8017BD-02AB-494F-9B97-159E2F613708}.Debug|Any CPU.Build.0 = Debug|Any CPU
		{4D8017BD-02AB-494F-9B97-159E2F613708}.Debug|x64.ActiveCfg = Debug|Any CPU
		{4D8017BD-02AB-494F-9B97-159E2F613708}.Debug|x64.Build.0 = Debug|Any CPU
		{4D8017BD-02AB-494F-9B97-159E2F613708}.Debug|x86.ActiveCfg = Debug|Any CPU
		{4D8017BD-02AB-494F-9B97-159E2F613708}.Debug|x86.Build.0 = Debug|Any CPU
		{4D8017BD-02AB-494F-9B97-159E2F613708}.Release|Any CPU.ActiveCfg = Release|Any CPU
		{4D8017BD-02AB-494F-9B97-159E2F613708}.Release|Any CPU.Build.0 = Release|Any CPU
		{4D8017BD-02AB-494F-9B97-159E2F613708}.Release|x64.ActiveCfg = Release|Any CPU
		{4D8017BD-02AB-494F-9B97-159E2F613708}.Release|x64.Build.0 = Release|Any CPU
		{4D8017BD-02AB-494F-9B97-159E2F613708}.Release|x86.ActiveCfg = Release|Any CPU
		{4D8017BD-02AB-494F-9B97-159E2F613708}.Release|x86.Build.0 = Release|Any CPU
		{CDA183B5-CD24-4E59-8B06-931A14C36677}.Debug|Any CPU.ActiveCfg = Debug|Any CPU
		{CDA183B5-CD24-4E59-8B06-931A14C36677}.Debug|Any CPU.Build.0 = Debug|Any CPU
		{CDA183B5-CD24-4E59-8B06-931A14C36677}.Debug|x64.ActiveCfg = Debug|Any CPU
		{CDA183B5-CD24-4E59-8B06-931A14C36677}.Debug|x64.Build.0 = Debug|Any CPU
		{CDA183B5-CD24-4E59-8B06-931A14C36677}.Debug|x86.ActiveCfg = Debug|Any CPU
		{CDA183B5-CD24-4E59-8B06-931A14C36677}.Debug|x86.Build.0 = Debug|Any CPU
		{CDA183B5-CD24-4E59-8B06-931A14C36677}.Release|Any CPU.ActiveCfg = Release|Any CPU
		{CDA183B5-CD24-4E59-8B06-931A14C36677}.Release|Any CPU.Build.0 = Release|Any CPU
		{CDA183B5-CD24-4E59-8B06-931A14C36677}.Release|x64.ActiveCfg = Release|Any CPU
		{CDA183B5-CD24-4E59-8B06-931A14C36677}.Release|x64.Build.0 = Release|Any CPU
		{CDA183B5-CD24-4E59-8B06-931A14C36677}.Release|x86.ActiveCfg = Release|Any CPU
		{CDA183B5-CD24-4E59-8B06-931A14C36677}.Release|x86.Build.0 = Release|Any CPU
	EndGlobalSection
	GlobalSection(SolutionProperties) = preSolution
		HideSolutionNode = FALSE
	EndGlobalSection
	GlobalSection(NestedProjects) = preSolution
		{07F194A9-AB47-46F2-973C-8EC825022B75} = {827E0CD3-B72D-47B6-A68D-7590B98EB39B}
		{F5B21AB2-68B7-4303-AD78-41962BD07109} = {827E0CD3-B72D-47B6-A68D-7590B98EB39B}
		{669BF937-1A87-448A-A9A1-E6360D5A8DF0} = {827E0CD3-B72D-47B6-A68D-7590B98EB39B}
		{2BA34E24-DD50-4B3B-A74D-C5451B493310} = {827E0CD3-B72D-47B6-A68D-7590B98EB39B}
		{E36AD9AC-0E16-4533-A4FF-A73D994E5575} = {827E0CD3-B72D-47B6-A68D-7590B98EB39B}
		{4D8017BD-02AB-494F-9B97-159E2F613708} = {0AB3BF05-4346-4AA6-1389-037BE0695223}
		{CDA183B5-CD24-4E59-8B06-931A14C36677} = {5D20AA90-6969-D8BD-9DCD-8634F4692FDA}
	EndGlobalSection
EndGlobal
