Microsoft Visual Studio Solution File, Format Version 12.00
# Visual Studio Version 17
VisualStudioVersion = 17.5.2.0
MinimumVisualStudioVersion = 10.0.40219.1
Project("{FAE04EC0-301F-11D3-BF4B-00C04F79EFBC}") = "NFSeNacionalSdk.Core", "NFSeNacionalSdk.Core.csproj", "{40AA810D-1424-9DFE-0D59-DFF149016476}"
EndProject
Global
	GlobalSection(SolutionConfigurationPlatforms) = preSolution
		Debug|Any CPU = Debug|Any CPU
		Release|Any CPU = Release|Any CPU
	EndGlobalSection
	GlobalSection(ProjectConfigurationPlatforms) = postSolution
		{40AA810D-1424-9DFE-0D59-DFF149016476}.Debug|Any CPU.ActiveCfg = Debug|Any CPU
		{40AA810D-1424-9DFE-0D59-DFF149016476}.Debug|Any CPU.Build.0 = Debug|Any CPU
		{40AA810D-1424-9DFE-0D59-DFF149016476}.Release|Any CPU.ActiveCfg = Release|Any CPU
		{40AA810D-1424-9DFE-0D59-DFF149016476}.Release|Any CPU.Build.0 = Release|Any CPU
	EndGlobalSection
	GlobalSection(SolutionProperties) = preSolution
		HideSolutionNode = FALSE
	EndGlobalSection
	GlobalSection(ExtensibilityGlobals) = postSolution
		SolutionGuid = {65623ABB-7615-409B-BD2B-639A0D115585}
	EndGlobalSection
EndGlobal
